# This file is generated by running "yarn install" inside your project.
# Manual changes might be lost - proceed with caution!

__metadata:
  version: 6
  cacheKey: 8

"@babel/helper-string-parser@npm:^7.22.5":
  version: 7.22.5
  resolution: "@babel/helper-string-parser@npm:7.22.5"
  checksum: 836851ca5ec813077bbb303acc992d75a360267aa3b5de7134d220411c852a6f17de7c0d0b8c8dcc0f567f67874c00f4528672b2a4f1bc978a3ada64c8c78467
  languageName: node
  linkType: hard

"@babel/helper-validator-identifier@npm:^7.22.5":
  version: 7.22.5
  resolution: "@babel/helper-validator-identifier@npm:7.22.5"
  checksum: 7f0f30113474a28298c12161763b49de5018732290ca4de13cdaefd4fd0d635a6fe3f6686c37a02905fb1e64f21a5ee2b55140cf7b070e729f1bd66866506aea
  languageName: node
  linkType: hard

"@babel/parser@npm:^7.18.4":
  version: 7.22.10
  resolution: "@babel/parser@npm:7.22.10"
  bin:
    parser: ./bin/babel-parser.js
  checksum: af51567b7d3cdf523bc608eae057397486c7fa6c2e5753027c01fe5c36f0767b2d01ce3049b222841326cc5b8c7fda1d810ac1a01af0a97bb04679e2ef9f7049
  languageName: node
  linkType: hard

"@babel/types@npm:^7.8.3":
  version: 7.22.10
  resolution: "@babel/types@npm:7.22.10"
  dependencies:
    "@babel/helper-string-parser": ^7.22.5
    "@babel/helper-validator-identifier": ^7.22.5
    to-fast-properties: ^2.0.0
  checksum: 095c4f4b7503fa816e4094113f0ec2351ef96ff32012010b771693066ff628c7c664b21c6bd3fb93aeb46fe7c61f6b3a3c9e4ed0034d6a2481201c417371c8af
  languageName: node
  linkType: hard

"@types/lodash@npm:^4.14.197":
  version: 4.14.197
  resolution: "@types/lodash@npm:4.14.197"
  checksum: 53d7567d1704de76cf33266c78062e0fd722d4b846e5b1417d0b6ef0ee41c0d9c451b92bc34f73d5f1fcc45c7d36511e92f6f47a9279b48157ba60a92ddaa078
  languageName: node
  linkType: hard

"@vue/compiler-sfc@npm:2.7.14":
  version: 2.7.14
  resolution: "@vue/compiler-sfc@npm:2.7.14"
  dependencies:
    "@babel/parser": ^7.18.4
    postcss: ^8.4.14
    source-map: ^0.6.1
  checksum: 25e00abaecb311f1effbf539bc3e4fdeedb39d35f9c2947b2640187a047e6a7400e693fd7da1d3a98977b9078c5bf629ca47f8b9a59dc14a080c0a1e1dd06a49
  languageName: node
  linkType: hard

"Socks5BalancerAsioHtml@workspace:.":
  version: 0.0.0-use.local
  resolution: "Socks5BalancerAsioHtml@workspace:."
  dependencies:
    "@types/lodash": ^4.14.197
    moment: ^2.29.4
    typescript: ^5.1.6
    vue: 2
  languageName: unknown
  linkType: soft

"csstype@npm:^3.1.0":
  version: 3.1.2
  resolution: "csstype@npm:3.1.2"
  checksum: e1a52e6c25c1314d6beef5168da704ab29c5186b877c07d822bd0806717d9a265e8493a2e35ca7e68d0f5d472d43fac1cdce70fd79fd0853dff81f3028d857b5
  languageName: node
  linkType: hard

"moment@npm:^2.29.4":
  version: 2.29.4
  resolution: "moment@npm:2.29.4"
  checksum: 0ec3f9c2bcba38dc2451b1daed5daded747f17610b92427bebe1d08d48d8b7bdd8d9197500b072d14e326dd0ccf3e326b9e3d07c5895d3d49e39b6803b76e80e
  languageName: node
  linkType: hard

"nanoid@npm:^3.3.6":
  version: 3.3.6
  resolution: "nanoid@npm:3.3.6"
  bin:
    nanoid: bin/nanoid.cjs
  checksum: 7d0eda657002738aa5206107bd0580aead6c95c460ef1bdd0b1a87a9c7ae6277ac2e9b945306aaa5b32c6dcb7feaf462d0f552e7f8b5718abfc6ead5c94a71b3
  languageName: node
  linkType: hard

"picocolors@npm:^1.0.0":
  version: 1.0.0
  resolution: "picocolors@npm:1.0.0"
  checksum: a2e8092dd86c8396bdba9f2b5481032848525b3dc295ce9b57896f931e63fc16f79805144321f72976383fc249584672a75cc18d6777c6b757603f372f745981
  languageName: node
  linkType: hard

"postcss@npm:^8.4.14":
  version: 8.4.28
  resolution: "postcss@npm:8.4.28"
  dependencies:
    nanoid: ^3.3.6
    picocolors: ^1.0.0
    source-map-js: ^1.0.2
  checksum: f605c24a36f7e400bad379735fbfc893ccb8d293ad6d419bb824db77cdcb69f43d614ef35f9f7091f32ca588d130ec60dbcf53b366e6bf88a8a64bbeb3c05f6d
  languageName: node
  linkType: hard

"source-map-js@npm:^1.0.2":
  version: 1.0.2
  resolution: "source-map-js@npm:1.0.2"
  checksum: c049a7fc4deb9a7e9b481ae3d424cc793cb4845daa690bc5a05d428bf41bf231ced49b4cf0c9e77f9d42fdb3d20d6187619fc586605f5eabe995a316da8d377c
  languageName: node
  linkType: hard

"source-map@npm:^0.6.1":
  version: 0.6.1
  resolution: "source-map@npm:0.6.1"
  checksum: 59ce8640cf3f3124f64ac289012c2b8bd377c238e316fb323ea22fbfe83da07d81e000071d7242cad7a23cd91c7de98e4df8830ec3f133cb6133a5f6e9f67bc2
  languageName: node
  linkType: hard

"to-fast-properties@npm:^2.0.0":
  version: 2.0.0
  resolution: "to-fast-properties@npm:2.0.0"
  checksum: be2de62fe58ead94e3e592680052683b1ec986c72d589e7b21e5697f8744cdbf48c266fa72f6c15932894c10187b5f54573a3bcf7da0bfd964d5caf23d436168
  languageName: node
  linkType: hard

"typescript@npm:^5.1.6":
  version: 5.1.6
  resolution: "typescript@npm:5.1.6"
  bin:
    tsc: bin/tsc
    tsserver: bin/tsserver
  checksum: b2f2c35096035fe1f5facd1e38922ccb8558996331405eb00a5111cc948b2e733163cc22fab5db46992aba7dd520fff637f2c1df4996ff0e134e77d3249a7350
  languageName: node
  linkType: hard

"typescript@patch:typescript@^5.1.6#~builtin<compat/typescript>":
  version: 5.1.6
  resolution: "typescript@patch:typescript@npm%3A5.1.6#~builtin<compat/typescript>::version=5.1.6&hash=1f5320"
  bin:
    tsc: bin/tsc
    tsserver: bin/tsserver
  checksum: 21e88b0a0c0226f9cb9fd25b9626fb05b4c0f3fddac521844a13e1f30beb8f14e90bd409a9ac43c812c5946d714d6e0dee12d5d02dfc1c562c5aacfa1f49b606
  languageName: node
  linkType: hard

"vue@npm:2":
  version: 2.7.14
  resolution: "vue@npm:2.7.14"
  dependencies:
    "@vue/compiler-sfc": 2.7.14
    csstype: ^3.1.0
  checksum: 8b06da67cc40870c66a30b7a6bc2874950cd4383792c371eb30497dd14fc7b41cf308b1c4517368d8f0e7ac16198c08de19236f6a79fe43f4bdbc4a1d9d4ad07
  languageName: node
  linkType: hard
